// !$*UTF8*$!
{
	archiveVersion = 1;
	classes = {
	};
	objectVersion = 46;
	objects = {

/* Begin PBXBuildFile section */
		16A1CD4A87115709ABECE5A8 /* Pods_Dr_Tokushitsu.framework in Frameworks */ = {isa = PBXBuildFile; fileRef = 6FB2F0E71C0837CF03332BA9 /* Pods_Dr_Tokushitsu.framework */; };
		4C0023B51E75429000447D34 /* PDFViewController.swift in Sources */ = {isa = PBXBuildFile; fileRef = 4C0023B41E75428F00447D34 /* PDFViewController.swift */; };
		4C594DA81E74138E00561446 /* StartupViewController.swift in Sources */ = {isa = PBXBuildFile; fileRef = 4C594DA71E74138E00561446 /* StartupViewController.swift */; };
		4C6C82E81E6B01E1003B1A10 /* services.png in Resources */ = {isa = PBXBuildFile; fileRef = 4C6C82E71E6B01E1003B1A10 /* services.png */; };
		4C6C82EA1E6B1658003B1A10 /* SettingsViewController.swift in Sources */ = {isa = PBXBuildFile; fileRef = 4C6C82E91E6B1658003B1A10 /* SettingsViewController.swift */; };
		4C6C82ED1E6B3FAA003B1A10 /* intro.pdf in Resources */ = {isa = PBXBuildFile; fileRef = 4C6C82EB1E6B3FAA003B1A10 /* intro.pdf */; };
		4C6C82EE1E6B3FAA003B1A10 /* tos.pdf in Resources */ = {isa = PBXBuildFile; fileRef = 4C6C82EC1E6B3FAA003B1A10 /* tos.pdf */; };
		4C8EB9411E75A811001ABF07 /* CustomSegue.swift in Sources */ = {isa = PBXBuildFile; fileRef = 4C8EB9401E75A811001ABF07 /* CustomSegue.swift */; };
		4C8EB9451E75B08A001ABF07 /* Main.storyboard in Resources */ = {isa = PBXBuildFile; fileRef = 4C8EB9441E75B08A001ABF07 /* Main.storyboard */; };
		4C986E2D1E9AE2BC001FFEED /* HttpClient.swift in Sources */ = {isa = PBXBuildFile; fileRef = 4C986E2C1E9AE2BC001FFEED /* HttpClient.swift */; };
		4CBC37711DFD17B400126764 /* Localizable.strings in Resources */ = {isa = PBXBuildFile; fileRef = 4CBC37731DFD17B400126764 /* Localizable.strings */; };
		4CC282731E08EFEB0092104F /* star.png in Resources */ = {isa = PBXBuildFile; fileRef = 4CC282711E08EFEB0092104F /* star.png */; };
		4CC282741E08EFEB0092104F /* starfilled.png in Resources */ = {isa = PBXBuildFile; fileRef = 4CC282721E08EFEB0092104F /* starfilled.png */; };
		4CD6A98D1DFEA11600F84872 /* AllViewController.swift in Sources */ = {isa = PBXBuildFile; fileRef = 4CD6A98C1DFEA11600F84872 /* AllViewController.swift */; };
		4CD6A98F1DFEA12400F84872 /* FavoriteViewController.swift in Sources */ = {isa = PBXBuildFile; fileRef = 4CD6A98E1DFEA12400F84872 /* FavoriteViewController.swift */; };
		4CDABC771E974B070022ECD0 /* RegisterViewController.swift in Sources */ = {isa = PBXBuildFile; fileRef = 4CDABC761E974B070022ECD0 /* RegisterViewController.swift */; };
		4CDABC791E97691C0022ECD0 /* right.png in Resources */ = {isa = PBXBuildFile; fileRef = 4CDABC781E97691C0022ECD0 /* right.png */; };
		B228DB4A1DE59B0900780134 /* list.csv in Resources */ = {isa = PBXBuildFile; fileRef = B228DB481DE59B0900780134 /* list.csv */; };
		B228DB4B1DE59B0900780134 /* mhlw in Resources */ = {isa = PBXBuildFile; fileRef = B228DB491DE59B0900780134 /* mhlw */; };
		D6C2B6811DC7A629000166BA /* AppDelegate.swift in Sources */ = {isa = PBXBuildFile; fileRef = D6C2B6801DC7A629000166BA /* AppDelegate.swift */; };
		D6C2B68A1DC7A629000166BA /* Assets.xcassets in Resources */ = {isa = PBXBuildFile; fileRef = D6C2B6891DC7A629000166BA /* Assets.xcassets */; };
		D6C2B68D1DC7A629000166BA /* LaunchScreen.storyboard in Resources */ = {isa = PBXBuildFile; fileRef = D6C2B68B1DC7A629000166BA /* LaunchScreen.storyboard */; };
/* End PBXBuildFile section */

/* Begin PBXFileReference section */
		4C0023B41E75428F00447D34 /* PDFViewController.swift */ = {isa = PBXFileReference; fileEncoding = 4; lastKnownFileType = sourcecode.swift; path = PDFViewController.swift; sourceTree = "<group>"; };
		4C0023BB1E758E4500447D34 /* ja */ = {isa = PBXFileReference; lastKnownFileType = text.plist.strings; name = ja; path = ja.lproj/LaunchScreen.strings; sourceTree = "<group>"; };
		4C594DA71E74138E00561446 /* StartupViewController.swift */ = {isa = PBXFileReference; fileEncoding = 4; lastKnownFileType = sourcecode.swift; path = StartupViewController.swift; sourceTree = "<group>"; };
		4C6C82E71E6B01E1003B1A10 /* services.png */ = {isa = PBXFileReference; lastKnownFileType = image.png; path = services.png; sourceTree = "<group>"; };
		4C6C82E91E6B1658003B1A10 /* SettingsViewController.swift */ = {isa = PBXFileReference; fileEncoding = 4; lastKnownFileType = sourcecode.swift; path = SettingsViewController.swift; sourceTree = "<group>"; };
		4C6C82EB1E6B3FAA003B1A10 /* intro.pdf */ = {isa = PBXFileReference; lastKnownFileType = image.pdf; path = intro.pdf; sourceTree = "<group>"; };
		4C6C82EC1E6B3FAA003B1A10 /* tos.pdf */ = {isa = PBXFileReference; lastKnownFileType = image.pdf; path = tos.pdf; sourceTree = "<group>"; };
		4C8EB9401E75A811001ABF07 /* CustomSegue.swift */ = {isa = PBXFileReference; fileEncoding = 4; lastKnownFileType = sourcecode.swift; path = CustomSegue.swift; sourceTree = "<group>"; };
		4C8EB9441E75B08A001ABF07 /* Main.storyboard */ = {isa = PBXFileReference; fileEncoding = 4; lastKnownFileType = file.storyboard; path = Main.storyboard; sourceTree = "<group>"; };
		4C986E2C1E9AE2BC001FFEED /* HttpClient.swift */ = {isa = PBXFileReference; fileEncoding = 4; lastKnownFileType = sourcecode.swift; path = HttpClient.swift; sourceTree = "<group>"; };
		4CBC37721DFD17B400126764 /* Base */ = {isa = PBXFileReference; lastKnownFileType = text.plist.strings; name = Base; path = Base.lproj/Localizable.strings; sourceTree = "<group>"; };
		4CC282711E08EFEB0092104F /* star.png */ = {isa = PBXFileReference; lastKnownFileType = image.png; path = star.png; sourceTree = "<group>"; };
		4CC282721E08EFEB0092104F /* starfilled.png */ = {isa = PBXFileReference; lastKnownFileType = image.png; path = starfilled.png; sourceTree = "<group>"; };
		4CD6A98C1DFEA11600F84872 /* AllViewController.swift */ = {isa = PBXFileReference; fileEncoding = 4; lastKnownFileType = sourcecode.swift; path = AllViewController.swift; sourceTree = "<group>"; };
		4CD6A98E1DFEA12400F84872 /* FavoriteViewController.swift */ = {isa = PBXFileReference; fileEncoding = 4; lastKnownFileType = sourcecode.swift; path = FavoriteViewController.swift; sourceTree = "<group>"; };
		4CDABC761E974B070022ECD0 /* RegisterViewController.swift */ = {isa = PBXFileReference; fileEncoding = 4; lastKnownFileType = sourcecode.swift; path = RegisterViewController.swift; sourceTree = "<group>"; };
		4CDABC781E97691C0022ECD0 /* right.png */ = {isa = PBXFileReference; lastKnownFileType = image.png; path = right.png; sourceTree = "<group>"; };
		6FB2F0E71C0837CF03332BA9 /* Pods_Dr_Tokushitsu.framework */ = {isa = PBXFileReference; explicitFileType = wrapper.framework; includeInIndex = 0; path = Pods_Dr_Tokushitsu.framework; sourceTree = BUILT_PRODUCTS_DIR; };
		B228DB481DE59B0900780134 /* list.csv */ = {isa = PBXFileReference; fileEncoding = 4; lastKnownFileType = text; path = list.csv; sourceTree = "<group>"; };
		B228DB491DE59B0900780134 /* mhlw */ = {isa = PBXFileReference; lastKnownFileType = folder; path = mhlw; sourceTree = "<group>"; };
		D6C2B67D1DC7A629000166BA /* Dr.Tokushitsu.app */ = {isa = PBXFileReference; explicitFileType = wrapper.application; includeInIndex = 0; path = Dr.Tokushitsu.app; sourceTree = BUILT_PRODUCTS_DIR; };
		D6C2B6801DC7A629000166BA /* AppDelegate.swift */ = {isa = PBXFileReference; lastKnownFileType = sourcecode.swift; path = AppDelegate.swift; sourceTree = "<group>"; };
		D6C2B6891DC7A629000166BA /* Assets.xcassets */ = {isa = PBXFileReference; lastKnownFileType = folder.assetcatalog; path = Assets.xcassets; sourceTree = "<group>"; };
		D6C2B68C1DC7A629000166BA /* Base */ = {isa = PBXFileReference; lastKnownFileType = file.storyboard; name = Base; path = Base.lproj/LaunchScreen.storyboard; sourceTree = "<group>"; };
		D6C2B68E1DC7A629000166BA /* Info.plist */ = {isa = PBXFileReference; lastKnownFileType = text.plist.xml; path = Info.plist; sourceTree = "<group>"; };
		D9C5317603856A746505AFD7 /* Pods-Dr.Tokushitsu.release.xcconfig */ = {isa = PBXFileReference; includeInIndex = 1; lastKnownFileType = text.xcconfig; name = "Pods-Dr.Tokushitsu.release.xcconfig"; path = "Pods/Target Support Files/Pods-Dr.Tokushitsu/Pods-Dr.Tokushitsu.release.xcconfig"; sourceTree = "<group>"; };
		E6245DD21F137B968684D8E0 /* Pods-Dr.Tokushitsu.debug.xcconfig */ = {isa = PBXFileReference; includeInIndex = 1; lastKnownFileType = text.xcconfig; name = "Pods-Dr.Tokushitsu.debug.xcconfig"; path = "Pods/Target Support Files/Pods-Dr.Tokushitsu/Pods-Dr.Tokushitsu.debug.xcconfig"; sourceTree = "<group>"; };
/* End PBXFileReference section */

/* Begin PBXFrameworksBuildPhase section */
		D6C2B67A1DC7A629000166BA /* Frameworks */ = {
			isa = PBXFrameworksBuildPhase;
			buildActionMask = 2147483647;
			files = (
				16A1CD4A87115709ABECE5A8 /* Pods_Dr_Tokushitsu.framework in Frameworks */,
			);
			runOnlyForDeploymentPostprocessing = 0;
		};
/* End PBXFrameworksBuildPhase section */

/* Begin PBXGroup section */
		1947E4ED4D362FD468F45BC2 /* Pods */ = {
			isa = PBXGroup;
			children = (
				E6245DD21F137B968684D8E0 /* Pods-Dr.Tokushitsu.debug.xcconfig */,
				D9C5317603856A746505AFD7 /* Pods-Dr.Tokushitsu.release.xcconfig */,
			);
			name = Pods;
			sourceTree = "<group>";
		};
		91C946B3263A5936BFDFF8F0 /* Frameworks */ = {
			isa = PBXGroup;
			children = (
				6FB2F0E71C0837CF03332BA9 /* Pods_Dr_Tokushitsu.framework */,
			);
			name = Frameworks;
			sourceTree = "<group>";
		};
		D6C2B6741DC7A629000166BA = {
			isa = PBXGroup;
			children = (
				D6C2B67F1DC7A629000166BA /* Dr.Tokushitsu */,
				D6C2B67E1DC7A629000166BA /* Products */,
				1947E4ED4D362FD468F45BC2 /* Pods */,
				91C946B3263A5936BFDFF8F0 /* Frameworks */,
			);
			sourceTree = "<group>";
		};
		D6C2B67E1DC7A629000166BA /* Products */ = {
			isa = PBXGroup;
			children = (
				D6C2B67D1DC7A629000166BA /* Dr.Tokushitsu.app */,
			);
			name = Products;
			sourceTree = "<group>";
		};
		D6C2B67F1DC7A629000166BA /* Dr.Tokushitsu */ = {
			isa = PBXGroup;
			children = (
				D6C2B6801DC7A629000166BA /* AppDelegate.swift */,
				4C594DA71E74138E00561446 /* StartupViewController.swift */,
				4CD6A98C1DFEA11600F84872 /* AllViewController.swift */,
				4CD6A98E1DFEA12400F84872 /* FavoriteViewController.swift */,
				4C6C82E91E6B1658003B1A10 /* SettingsViewController.swift */,
				4C0023B41E75428F00447D34 /* PDFViewController.swift */,
				4CDABC761E974B070022ECD0 /* RegisterViewController.swift */,
				4C8EB9401E75A811001ABF07 /* CustomSegue.swift */,
				4C986E2C1E9AE2BC001FFEED /* HttpClient.swift */,
				4C8EB9441E75B08A001ABF07 /* Main.storyboard */,
				4CDABC781E97691C0022ECD0 /* right.png */,
				D6C2B6891DC7A629000166BA /* Assets.xcassets */,
				4CC282711E08EFEB0092104F /* star.png */,
				4CC282721E08EFEB0092104F /* starfilled.png */,
				4C6C82E71E6B01E1003B1A10 /* services.png */,
				4C6C82EB1E6B3FAA003B1A10 /* intro.pdf */,
				4C6C82EC1E6B3FAA003B1A10 /* tos.pdf */,
				D6C2B68B1DC7A629000166BA /* LaunchScreen.storyboard */,
				D6C2B68E1DC7A629000166BA /* Info.plist */,
				B228DB481DE59B0900780134 /* list.csv */,
				B228DB491DE59B0900780134 /* mhlw */,
				4CBC37731DFD17B400126764 /* Localizable.strings */,
			);
			path = Dr.Tokushitsu;
			sourceTree = "<group>";
		};
/* End PBXGroup section */

/* Begin PBXNativeTarget section */
		D6C2B67C1DC7A629000166BA /* Dr.Tokushitsu */ = {
			isa = PBXNativeTarget;
			buildConfigurationList = D6C2B6911DC7A629000166BA /* Build configuration list for PBXNativeTarget "Dr.Tokushitsu" */;
			buildPhases = (
				83B87B5850D7D85F25337F65 /* [CP] Check Pods Manifest.lock */,
				D6C2B6791DC7A629000166BA /* Sources */,
				D6C2B67A1DC7A629000166BA /* Frameworks */,
				D6C2B67B1DC7A629000166BA /* Resources */,
				11D439BB77B1C37CC5E8332A /* [CP] Embed Pods Frameworks */,
				AEE954A7CBBC83AAEEBF2A20 /* [CP] Copy Pods Resources */,
			);
			buildRules = (
			);
			dependencies = (
			);
			name = Dr.Tokushitsu;
			productName = Dr.Tokushitsu;
			productReference = D6C2B67D1DC7A629000166BA /* Dr.Tokushitsu.app */;
			productType = "com.apple.product-type.application";
		};
/* End PBXNativeTarget section */

/* Begin PBXProject section */
		D6C2B6751DC7A629000166BA /* Project object */ = {
			isa = PBXProject;
			attributes = {
				LastSwiftUpdateCheck = 0810;
				LastUpgradeCheck = 0920;
				ORGANIZATIONNAME = com.gmail.ooka.dev;
				TargetAttributes = {
					D6C2B67C1DC7A629000166BA = {
						CreatedOnToolsVersion = 8.1;
						DevelopmentTeam = 7DVG8XN4BQ;
						ProvisioningStyle = Automatic;
					};
				};
			};
			buildConfigurationList = D6C2B6781DC7A629000166BA /* Build configuration list for PBXProject "Dr.Tokushitsu" */;
			compatibilityVersion = "Xcode 3.2";
			developmentRegion = English;
			hasScannedForEncodings = 0;
			knownRegions = (
				Base,
				ja,
			);
			mainGroup = D6C2B6741DC7A629000166BA;
			productRefGroup = D6C2B67E1DC7A629000166BA /* Products */;
			projectDirPath = "";
			projectRoot = "";
			targets = (
				D6C2B67C1DC7A629000166BA /* Dr.Tokushitsu */,
			);
		};
/* End PBXProject section */

/* Begin PBXResourcesBuildPhase section */
		D6C2B67B1DC7A629000166BA /* Resources */ = {
			isa = PBXResourcesBuildPhase;
			buildActionMask = 2147483647;
			files = (
				4CDABC791E97691C0022ECD0 /* right.png in Resources */,
				4CC282731E08EFEB0092104F /* star.png in Resources */,
				4C6C82ED1E6B3FAA003B1A10 /* intro.pdf in Resources */,
				4C8EB9451E75B08A001ABF07 /* Main.storyboard in Resources */,
				D6C2B68D1DC7A629000166BA /* LaunchScreen.storyboard in Resources */,
				4CBC37711DFD17B400126764 /* Localizable.strings in Resources */,
				B228DB4B1DE59B0900780134 /* mhlw in Resources */,
				D6C2B68A1DC7A629000166BA /* Assets.xcassets in Resources */,
				B228DB4A1DE59B0900780134 /* list.csv in Resources */,
				4CC282741E08EFEB0092104F /* starfilled.png in Resources */,
				4C6C82EE1E6B3FAA003B1A10 /* tos.pdf in Resources */,
				4C6C82E81E6B01E1003B1A10 /* services.png in Resources */,
			);
			runOnlyForDeploymentPostprocessing = 0;
		};
/* End PBXResourcesBuildPhase section */

/* Begin PBXShellScriptBuildPhase section */
		11D439BB77B1C37CC5E8332A /* [CP] Embed Pods Frameworks */ = {
			isa = PBXShellScriptBuildPhase;
			buildActionMask = 2147483647;
			files = (
			);
			inputPaths = (
			);
			name = "[CP] Embed Pods Frameworks";
			outputPaths = (
			);
			runOnlyForDeploymentPostprocessing = 0;
			shellPath = /bin/sh;
			shellScript = "\"${SRCROOT}/Pods/Target Support Files/Pods-Dr.Tokushitsu/Pods-Dr.Tokushitsu-frameworks.sh\"\n";
			showEnvVarsInLog = 0;
		};
		83B87B5850D7D85F25337F65 /* [CP] Check Pods Manifest.lock */ = {
			isa = PBXShellScriptBuildPhase;
			buildActionMask = 2147483647;
			files = (
			);
			inputPaths = (
			);
			name = "[CP] Check Pods Manifest.lock";
			outputPaths = (
			);
			runOnlyForDeploymentPostprocessing = 0;
			shellPath = /bin/sh;
			shellScript = "diff \"${PODS_ROOT}/../Podfile.lock\" \"${PODS_ROOT}/Manifest.lock\" > /dev/null\nif [ $? != 0 ] ; then\n    # print error to STDERR\n    echo \"error: The sandbox is not in sync with the Podfile.lock. Run 'pod install' or update your CocoaPods installation.\" >&2\n    exit 1\nfi\n";
			showEnvVarsInLog = 0;
		};
		AEE954A7CBBC83AAEEBF2A20 /* [CP] Copy Pods Resources */ = {
			isa = PBXShellScriptBuildPhase;
			buildActionMask = 2147483647;
			files = (
			);
			inputPaths = (
			);
			name = "[CP] Copy Pods Resources";
			outputPaths = (
			);
			runOnlyForDeploymentPostprocessing = 0;
			shellPath = /bin/sh;
			shellScript = "\"${SRCROOT}/Pods/Target Support Files/Pods-Dr.Tokushitsu/Pods-Dr.Tokushitsu-resources.sh\"\n";
			showEnvVarsInLog = 0;
		};
/* End PBXShellScriptBuildPhase section */

/* Begin PBXSourcesBuildPhase section */
		D6C2B6791DC7A629000166BA /* Sources */ = {
			isa = PBXSourcesBuildPhase;
			buildActionMask = 2147483647;
			files = (
				4CD6A98F1DFEA12400F84872 /* FavoriteViewController.swift in Sources */,
				D6C2B6811DC7A629000166BA /* AppDelegate.swift in Sources */,
				4CD6A98D1DFEA11600F84872 /* AllViewController.swift in Sources */,
				4C0023B51E75429000447D34 /* PDFViewController.swift in Sources */,
				4C986E2D1E9AE2BC001FFEED /* HttpClient.swift in Sources */,
				4CDABC771E974B070022ECD0 /* RegisterViewController.swift in Sources */,
				4C6C82EA1E6B1658003B1A10 /* SettingsViewController.swift in Sources */,
				4C594DA81E74138E00561446 /* StartupViewController.swift in Sources */,
				4C8EB9411E75A811001ABF07 /* CustomSegue.swift in Sources */,
			);
			runOnlyForDeploymentPostprocessing = 0;
		};
/* End PBXSourcesBuildPhase section */

/* Begin PBXVariantGroup section */
		4CBC37731DFD17B400126764 /* Localizable.strings */ = {
			isa = PBXVariantGroup;
			children = (
				4CBC37721DFD17B400126764 /* Base */,
			);
			name = Localizable.strings;
			sourceTree = "<group>";
		};
		D6C2B68B1DC7A629000166BA /* LaunchScreen.storyboard */ = {
			isa = PBXVariantGroup;
			children = (
				D6C2B68C1DC7A629000166BA /* Base */,
				4C0023BB1E758E4500447D34 /* ja */,
			);
			name = LaunchScreen.storyboard;
			sourceTree = "<group>";
		};
/* End PBXVariantGroup section */

/* Begin XCBuildConfiguration section */
		D6C2B68F1DC7A629000166BA /* Debug */ = {
			isa = XCBuildConfiguration;
			buildSettings = {
				ALWAYS_SEARCH_USER_PATHS = NO;
				CLANG_ANALYZER_LOCALIZABILITY_NONLOCALIZED = YES;
				CLANG_ANALYZER_NONNULL = YES;
				CLANG_CXX_LANGUAGE_STANDARD = "gnu++0x";
				CLANG_CXX_LIBRARY = "libc++";
				CLANG_ENABLE_MODULES = YES;
				CLANG_ENABLE_OBJC_ARC = YES;
				CLANG_WARN_BLOCK_CAPTURE_AUTORELEASING = YES;
				CLANG_WARN_BOOL_CONVERSION = YES;
				CLANG_WARN_COMMA = YES;
				CLANG_WARN_CONSTANT_CONVERSION = YES;
				CLANG_WARN_DIRECT_OBJC_ISA_USAGE = YES_ERROR;
				CLANG_WARN_DOCUMENTATION_COMMENTS = YES;
				CLANG_WARN_EMPTY_BODY = YES;
				CLANG_WARN_ENUM_CONVERSION = YES;
				CLANG_WARN_INFINITE_RECURSION = YES;
				CLANG_WARN_INT_CONVERSION = YES;
				CLANG_WARN_NON_LITERAL_NULL_CONVERSION = YES;
				CLANG_WARN_OBJC_LITERAL_CONVERSION = YES;
				CLANG_WARN_OBJC_ROOT_CLASS = YES_ERROR;
				CLANG_WARN_RANGE_LOOP_ANALYSIS = YES;
				CLANG_WARN_STRICT_PROTOTYPES = YES;
				CLANG_WARN_SUSPICIOUS_MOVE = YES;
				CLANG_WARN_SUSPICIOUS_MOVES = YES;
				CLANG_WARN_UNREACHABLE_CODE = YES;
				CLANG_WARN__DUPLICATE_METHOD_MATCH = YES;
				"CODE_SIGN_IDENTITY[sdk=iphoneos*]" = "iPhone Distribution: Takeo Ooka (7DVG8XN4BQ)";
				COPY_PHASE_STRIP = NO;
				DEBUG_INFORMATION_FORMAT = dwarf;
				ENABLE_STRICT_OBJC_MSGSEND = YES;
				ENABLE_TESTABILITY = YES;
				GCC_C_LANGUAGE_STANDARD = gnu99;
				GCC_DYNAMIC_NO_PIC = NO;
				GCC_NO_COMMON_BLOCKS = YES;
				GCC_OPTIMIZATION_LEVEL = 0;
				GCC_PREPROCESSOR_DEFINITIONS = (
					"DEBUG=1",
					"$(inherited)",
				);
				GCC_WARN_64_TO_32_BIT_CONVERSION = YES;
				GCC_WARN_ABOUT_RETURN_TYPE = YES_ERROR;
				GCC_WARN_UNDECLARED_SELECTOR = YES;
				GCC_WARN_UNINITIALIZED_AUTOS = YES_AGGRESSIVE;
				GCC_WARN_UNUSED_FUNCTION = YES;
				GCC_WARN_UNUSED_VARIABLE = YES;
				IPHONEOS_DEPLOYMENT_TARGET = 9.0;
				MTL_ENABLE_DEBUG_INFO = YES;
				ONLY_ACTIVE_ARCH = YES;
				SDKROOT = iphoneos;
				SWIFT_ACTIVE_COMPILATION_CONDITIONS = DEBUG;
				SWIFT_OPTIMIZATION_LEVEL = "-Onone";
				TARGETED_DEVICE_FAMILY = "1,2";
			};
			name = Debug;
		};
		D6C2B6901DC7A629000166BA /* Release */ = {
			isa = XCBuildConfiguration;
			buildSettings = {
				ALWAYS_SEARCH_USER_PATHS = NO;
				CLANG_ANALYZER_LOCALIZABILITY_NONLOCALIZED = YES;
				CLANG_ANALYZER_NONNULL = YES;
				CLANG_CXX_LANGUAGE_STANDARD = "gnu++0x";
				CLANG_CXX_LIBRARY = "libc++";
				CLANG_ENABLE_MODULES = YES;
				CLANG_ENABLE_OBJC_ARC = YES;
				CLANG_WARN_BLOCK_CAPTURE_AUTORELEASING = YES;
				CLANG_WARN_BOOL_CONVERSION = YES;
				CLANG_WARN_COMMA = YES;
				CLANG_WARN_CONSTANT_CONVERSION = YES;
				CLANG_WARN_DIRECT_OBJC_ISA_USAGE = YES_ERROR;
				CLANG_WARN_DOCUMENTATION_COMMENTS = YES;
				CLANG_WARN_EMPTY_BODY = YES;
				CLANG_WARN_ENUM_CONVERSION = YES;
				CLANG_WARN_INFINITE_RECURSION = YES;
				CLANG_WARN_INT_CONVERSION = YES;
				CLANG_WARN_NON_LITERAL_NULL_CONVERSION = YES;
				CLANG_WARN_OBJC_LITERAL_CONVERSION = YES;
				CLANG_WARN_OBJC_ROOT_CLASS = YES_ERROR;
				CLANG_WARN_RANGE_LOOP_ANALYSIS = YES;
				CLANG_WARN_STRICT_PROTOTYPES = YES;
				CLANG_WARN_SUSPICIOUS_MOVE = YES;
				CLANG_WARN_SUSPICIOUS_MOVES = YES;
				CLANG_WARN_UNREACHABLE_CODE = YES;
				CLANG_WARN__DUPLICATE_METHOD_MATCH = YES;
				"CODE_SIGN_IDENTITY[sdk=iphoneos*]" = "iPhone Distribution: Takeo Ooka (7DVG8XN4BQ)";
				COPY_PHASE_STRIP = NO;
				DEBUG_INFORMATION_FORMAT = "dwarf-with-dsym";
				ENABLE_NS_ASSERTIONS = NO;
				ENABLE_STRICT_OBJC_MSGSEND = YES;
				GCC_C_LANGUAGE_STANDARD = gnu99;
				GCC_NO_COMMON_BLOCKS = YES;
				GCC_WARN_64_TO_32_BIT_CONVERSION = YES;
				GCC_WARN_ABOUT_RETURN_TYPE = YES_ERROR;
				GCC_WARN_UNDECLARED_SELECTOR = YES;
				GCC_WARN_UNINITIALIZED_AUTOS = YES_AGGRESSIVE;
				GCC_WARN_UNUSED_FUNCTION = YES;
				GCC_WARN_UNUSED_VARIABLE = YES;
				IPHONEOS_DEPLOYMENT_TARGET = 9.0;
				MTL_ENABLE_DEBUG_INFO = NO;
				SDKROOT = iphoneos;
				SWIFT_OPTIMIZATION_LEVEL = "-Owholemodule";
				TARGETED_DEVICE_FAMILY = "1,2";
				VALIDATE_PRODUCT = YES;
			};
			name = Release;
		};
		D6C2B6921DC7A629000166BA /* Debug */ = {
			isa = XCBuildConfiguration;
			baseConfigurationReference = E6245DD21F137B968684D8E0 /* Pods-Dr.Tokushitsu.debug.xcconfig */;
			buildSettings = {
				ALWAYS_EMBED_SWIFT_STANDARD_LIBRARIES = YES;
				ASSETCATALOG_COMPILER_APPICON_NAME = AppIcon;
				"CODE_SIGN_IDENTITY[sdk=iphoneos*]" = "iPhone Developer";
				DEVELOPMENT_TEAM = "";
				INFOPLIST_FILE = Dr.Tokushitsu/Info.plist;
				IPHONEOS_DEPLOYMENT_TARGET = 9.0;
				LD_RUNPATH_SEARCH_PATHS = "$(inherited) @executable_path/Frameworks";
				PRODUCT_BUNDLE_IDENTIFIER = com.gmail.ooka.dev.tokushitsu;
				PRODUCT_NAME = "$(TARGET_NAME)";
				PROVISIONING_PROFILE = "";
				PROVISIONING_PROFILE_SPECIFIER = "";
				SWIFT_INCLUDE_PATHS = "${SRCROOT}/CommonCrypto";
				SWIFT_VERSION = 3.0;
			};
			name = Debug;
		};
		D6C2B6931DC7A629000166BA /* Release */ = {
			isa = XCBuildConfiguration;
			baseConfigurationReference = D9C5317603856A746505AFD7 /* Pods-Dr.Tokushitsu.release.xcconfig */;
			buildSettings = {
				ALWAYS_EMBED_SWIFT_STANDARD_LIBRARIES = YES;
				ASSETCATALOG_COMPILER_APPICON_NAME = AppIcon;
				"CODE_SIGN_IDENTITY[sdk=iphoneos*]" = "iPhone Developer";
				DEVELOPMENT_TEAM = "";
				INFOPLIST_FILE = Dr.Tokushitsu/Info.plist;
				IPHONEOS_DEPLOYMENT_TARGET = 9.0;
				LD_RUNPATH_SEARCH_PATHS = "$(inherited) @executable_path/Frameworks";
				PRODUCT_BUNDLE_IDENTIFIER = com.gmail.ooka.dev.tokushitsu;
				PRODUCT_NAME = "$(TARGET_NAME)";
				PROVISIONING_PROFILE = "";
				PROVISIONING_PROFILE_SPECIFIER = "";
				SWIFT_INCLUDE_PATHS = "${SRCROOT}/CommonCrypto";
				SWIFT_VERSION = 3.0;
			};
			name = Release;
		};
/* End XCBuildConfiguration section */

/* Begin XCConfigurationList section */
		D6C2B6781DC7A629000166BA /* Build configuration list for PBXProject "Dr.Tokushitsu" */ = {
			isa = XCConfigurationList;
			buildConfigurations = (
				D6C2B68F1DC7A629000166BA /* Debug */,
				D6C2B6901DC7A629000166BA /* Release */,
			);
			defaultConfigurationIsVisible = 0;
			defaultConfigurationName = Release;
		};
		D6C2B6911DC7A629000166BA /* Build configuration list for PBXNativeTarget "Dr.Tokushitsu" */ = {
			isa = XCConfigurationList;
			buildConfigurations = (
				D6C2B6921DC7A629000166BA /* Debug */,
				D6C2B6931DC7A629000166BA /* Release */,
			);
			defaultConfigurationIsVisible = 0;
			defaultConfigurationName = Release;
		};
/* End XCConfigurationList section */
	};
	rootObject = D6C2B6751DC7A629000166BA /* Project object */;
}
